// !$*UTF8*$!
{
	archiveVersion = 1;
	classes = {
	};
	objectVersion = 46;
	objects = {

/* Begin PBXBuildFile section */
		B68FB47C1E54BE86002D7E4F /* AppDelegate.swift in Sources */ = {isa = PBXBuildFile; fileRef = B68FB47B1E54BE86002D7E4F /* AppDelegate.swift */; };
		B68FB47E1E54BE86002D7E4F /* ViewController.swift in Sources */ = {isa = PBXBuildFile; fileRef = B68FB47D1E54BE86002D7E4F /* ViewController.swift */; };
		B68FB4811E54BE86002D7E4F /* Main.storyboard in Resources */ = {isa = PBXBuildFile; fileRef = B68FB47F1E54BE86002D7E4F /* Main.storyboard */; };
		B68FB4831E54BE86002D7E4F /* Assets.xcassets in Resources */ = {isa = PBXBuildFile; fileRef = B68FB4821E54BE86002D7E4F /* Assets.xcassets */; };
		B68FB4861E54BE86002D7E4F /* LaunchScreen.storyboard in Resources */ = {isa = PBXBuildFile; fileRef = B68FB4841E54BE86002D7E4F /* LaunchScreen.storyboard */; };
		B68FB4911E54BE87002D7E4F /* ios_uikit_uicolor_demoTests.swift in Sources */ = {isa = PBXBuildFile; fileRef = B68FB4901E54BE87002D7E4F /* ios_uikit_uicolor_demoTests.swift */; };
/* End PBXBuildFile section */

/* Begin PBXContainerItemProxy section */
		B68FB48D1E54BE87002D7E4F /* PBXContainerItemProxy */ = {
			isa = PBXContainerItemProxy;
			containerPortal = B68FB4701E54BE86002D7E4F /* Project object */;
			proxyType = 1;
			remoteGlobalIDString = B68FB4771E54BE86002D7E4F;
			remoteInfo = "ios-uikit-uicolor-demo";
		};
/* End PBXContainerItemProxy section */

/* Begin PBXFileReference section */
		B68FB4781E54BE86002D7E4F /* ios-uikit-uicolor-demo.app */ = {isa = PBXFileReference; explicitFileType = wrapper.application; includeInIndex = 0; path = "ios-uikit-uicolor-demo.app"; sourceTree = BUILT_PRODUCTS_DIR; };
		B68FB47B1E54BE86002D7E4F /* AppDelegate.swift */ = {isa = PBXFileReference; lastKnownFileType = sourcecode.swift; path = AppDelegate.swift; sourceTree = "<group>"; };
		B68FB47D1E54BE86002D7E4F /* ViewController.swift */ = {isa = PBXFileReference; lastKnownFileType = sourcecode.swift; path = ViewController.swift; sourceTree = "<group>"; };
		B68FB4801E54BE86002D7E4F /* Base */ = {isa = PBXFileReference; lastKnownFileType = file.storyboard; name = Base; path = Base.lproj/Main.storyboard; sourceTree = "<group>"; };
		B68FB4821E54BE86002D7E4F /* Assets.xcassets */ = {isa = PBXFileReference; lastKnownFileType = folder.assetcatalog; path = Assets.xcassets; sourceTree = "<group>"; };
		B68FB4851E54BE86002D7E4F /* Base */ = {isa = PBXFileReference; lastKnownFileType = file.storyboard; name = Base; path = Base.lproj/LaunchScreen.storyboard; sourceTree = "<group>"; };
		B68FB4871E54BE86002D7E4F /* Info.plist */ = {isa = PBXFileReference; lastKnownFileType = text.plist.xml; path = Info.plist; sourceTree = "<group>"; };
		B68FB48C1E54BE87002D7E4F /* ios-uikit-uicolor-demoTests.xctest */ = {isa = PBXFileReference; explicitFileType = wrapper.cfbundle; includeInIndex = 0; path = "ios-uikit-uicolor-demoTests.xctest"; sourceTree = BUILT_PRODUCTS_DIR; };
		B68FB4901E54BE87002D7E4F /* ios_uikit_uicolor_demoTests.swift */ = {isa = PBXFileReference; lastKnownFileType = sourcecode.swift; path = ios_uikit_uicolor_demoTests.swift; sourceTree = "<group>"; };
		B68FB4921E54BE87002D7E4F /* Info.plist */ = {isa = PBXFileReference; lastKnownFileType = text.plist.xml; path = Info.plist; sourceTree = "<group>"; };
/* End PBXFileReference section */

/* Begin PBXFrameworksBuildPhase section */
		B68FB4751E54BE86002D7E4F /* Frameworks */ = {
			isa = PBXFrameworksBuildPhase;
			buildActionMask = 2147483647;
			files = (
			);
			runOnlyForDeploymentPostprocessing = 0;
		};
		B68FB4891E54BE87002D7E4F /* Frameworks */ = {
			isa = PBXFrameworksBuildPhase;
			buildActionMask = 2147483647;
			files = (
			);
			runOnlyForDeploymentPostprocessing = 0;
		};
/* End PBXFrameworksBuildPhase section */

/* Begin PBXGroup section */
		B68FB46F1E54BE86002D7E4F = {
			isa = PBXGroup;
			children = (
				B68FB47A1E54BE86002D7E4F /* ios-uikit-uicolor-demo */,
				B68FB48F1E54BE87002D7E4F /* ios-uikit-uicolor-demoTests */,
				B68FB4791E54BE86002D7E4F /* Products */,
			);
			sourceTree = "<group>";
		};
		B68FB4791E54BE86002D7E4F /* Products */ = {
			isa = PBXGroup;
			children = (
				B68FB4781E54BE86002D7E4F /* ios-uikit-uicolor-demo.app */,
				B68FB48C1E54BE87002D7E4F /* ios-uikit-uicolor-demoTests.xctest */,
			);
			name = Products;
			sourceTree = "<group>";
		};
		B68FB47A1E54BE86002D7E4F /* ios-uikit-uicolor-demo */ = {
			isa = PBXGroup;
			children = (
				B68FB47B1E54BE86002D7E4F /* AppDelegate.swift */,
				B68FB47D1E54BE86002D7E4F /* ViewController.swift */,
				B68FB47F1E54BE86002D7E4F /* Main.storyboard */,
				B68FB4821E54BE86002D7E4F /* Assets.xcassets */,
				B68FB4841E54BE86002D7E4F /* LaunchScreen.storyboard */,
				B68FB4871E54BE86002D7E4F /* Info.plist */,
			);
			path = "ios-uikit-uicolor-demo";
			sourceTree = "<group>";
		};
		B68FB48F1E54BE87002D7E4F /* ios-uikit-uicolor-demoTests */ = {
			isa = PBXGroup;
			children = (
				B68FB4901E54BE87002D7E4F /* ios_uikit_uicolor_demoTests.swift */,
				B68FB4921E54BE87002D7E4F /* Info.plist */,
			);
			path = "ios-uikit-uicolor-demoTests";
			sourceTree = "<group>";
		};
/* End PBXGroup section */

/* Begin PBXNativeTarget section */
		B68FB4771E54BE86002D7E4F /* ios-uikit-uicolor-demo */ = {
			isa = PBXNativeTarget;
			buildConfigurationList = B68FB4951E54BE87002D7E4F /* Build configuration list for PBXNativeTarget "ios-uikit-uicolor-demo" */;
			buildPhases = (
				B68FB4741E54BE86002D7E4F /* Sources */,
				B68FB4751E54BE86002D7E4F /* Frameworks */,
				B68FB4761E54BE86002D7E4F /* Resources */,
			);
			buildRules = (
			);
			dependencies = (
			);
			name = "ios-uikit-uicolor-demo";
			productName = "ios-uikit-uicolor-demo";
			productReference = B68FB4781E54BE86002D7E4F /* ios-uikit-uicolor-demo.app */;
			productType = "com.apple.product-type.application";
		};
		B68FB48B1E54BE87002D7E4F /* ios-uikit-uicolor-demoTests */ = {
			isa = PBXNativeTarget;
			buildConfigurationList = B68FB4981E54BE87002D7E4F /* Build configuration list for PBXNativeTarget "ios-uikit-uicolor-demoTests" */;
			buildPhases = (
				B68FB4881E54BE87002D7E4F /* Sources */,
				B68FB4891E54BE87002D7E4F /* Frameworks */,
				B68FB48A1E54BE87002D7E4F /* Resources */,
			);
			buildRules = (
			);
			dependencies = (
				B68FB48E1E54BE87002D7E4F /* PBXTargetDependency */,
			);
			name = "ios-uikit-uicolor-demoTests";
			productName = "ios-uikit-uicolor-demoTests";
			productReference = B68FB48C1E54BE87002D7E4F /* ios-uikit-uicolor-demoTests.xctest */;
			productType = "com.apple.product-type.bundle.unit-test";
		};
/* End PBXNativeTarget section */

/* Begin PBXProject section */
		B68FB4701E54BE86002D7E4F /* Project object */ = {
			isa = PBXProject;
			attributes = {
				LastSwiftUpdateCheck = 0820;
				LastUpgradeCheck = 0820;
				ORGANIZATIONNAME = YukiOkudera;
				TargetAttributes = {
					B68FB4771E54BE86002D7E4F = {
						CreatedOnToolsVersion = 8.2.1;
						DevelopmentTeam = PCCZJUYRT6;
						ProvisioningStyle = Automatic;
					};
					B68FB48B1E54BE87002D7E4F = {
						CreatedOnToolsVersion = 8.2.1;
						DevelopmentTeam = PCCZJUYRT6;
						ProvisioningStyle = Automatic;
						TestTargetID = B68FB4771E54BE86002D7E4F;
					};
				};
			};
			buildConfigurationList = B68FB4731E54BE86002D7E4F /* Build configuration list for PBXProject "ios-uikit-uicolor-demo" */;
			compatibilityVersion = "Xcode 3.2";
			developmentRegion = English;
			hasScannedForEncodings = 0;
			knownRegions = (
				en,
				Base,
			);
			mainGroup = B68FB46F1E54BE86002D7E4F;
			productRefGroup = B68FB4791E54BE86002D7E4F /* Products */;
			projectDirPath = "";
			projectRoot = "";
			targets = (
				B68FB4771E54BE86002D7E4F /* ios-uikit-uicolor-demo */,
				B68FB48B1E54BE87002D7E4F /* ios-uikit-uicolor-demoTests */,
			);
		};
/* End PBXProject section */

/* Begin PBXResourcesBuildPhase section */
		B68FB4761E54BE86002D7E4F /* Resources */ = {
			isa = PBXResourcesBuildPhase;
			buildActionMask = 2147483647;
			files = (
				B68FB4861E54BE86002D7E4F /* LaunchScreen.storyboard in Resources */,
				B68FB4831E54BE86002D7E4F /* Assets.xcassets in Resources */,
				B68FB4811E54BE86002D7E4F /* Main.storyboard in Resources */,
			);
			runOnlyForDeploymentPostprocessing = 0;
		};
		B68FB48A1E54BE87002D7E4F /* Resources */ = {
			isa = PBXResourcesBuildPhase;
			buildActionMask = 2147483647;
			files = (
			);
			runOnlyForDeploymentPostprocessing = 0;
		};
/* End PBXResourcesBuildPhase section */

/* Begin PBXSourcesBuildPhase section */
		B68FB4741E54BE86002D7E4F /* Sources */ = {
			isa = PBXSourcesBuildPhase;
			buildActionMask = 2147483647;
			files = (
				B68FB47E1E54BE86002D7E4F /* ViewController.swift in Sources */,
				B68FB47C1E54BE86002D7E4F /* AppDelegate.swift in Sources */,
			);
			runOnlyForDeploymentPostprocessing = 0;
		};
		B68FB4881E54BE87002D7E4F /* Sources */ = {
			isa = PBXSourcesBuildPhase;
			buildActionMask = 2147483647;
			files = (
				B68FB4911E54BE87002D7E4F /* ios_uikit_uicolor_demoTests.swift in Sources */,
			);
			runOnlyForDeploymentPostprocessing = 0;
		};
/* End PBXSourcesBuildPhase section */

/* Begin PBXTargetDependency section */
		B68FB48E1E54BE87002D7E4F /* PBXTargetDependency */ = {
			isa = PBXTargetDependency;
			target = B68FB4771E54BE86002D7E4F /* ios-uikit-uicolor-demo */;
			targetProxy = B68FB48D1E54BE87002D7E4F /* PBXContainerItemProxy */;
		};
/* End PBXTargetDependency section */

/* Begin PBXVariantGroup section */
		B68FB47F1E54BE86002D7E4F /* Main.storyboard */ = {
			isa = PBXVariantGroup;
			children = (
				B68FB4801E54BE86002D7E4F /* Base */,
			);
			name = Main.storyboard;
			sourceTree = "<group>";
		};
		B68FB4841E54BE86002D7E4F /* LaunchScreen.storyboard */ = {
			isa = PBXVariantGroup;
			children = (
				B68FB4851E54BE86002D7E4F /* Base */,
			);
			name = LaunchScreen.storyboard;
			sourceTree = "<group>";
		};
/* End PBXVariantGroup section */

/* Begin XCBuildConfiguration section */
		B68FB4931E54BE87002D7E4F /* Debug */ = {
			isa = XCBuildConfiguration;
			buildSettings = {
				ALWAYS_SEARCH_USER_PATHS = NO;
				CLANG_ANALYZER_NONNULL = YES;
				CLANG_CXX_LANGUAGE_STANDARD = "gnu++0x";
				CLANG_CXX_LIBRARY = "libc++";
				CLANG_ENABLE_MODULES = YES;
				CLANG_ENABLE_OBJC_ARC = YES;
				CLANG_WARN_BOOL_CONVERSION = YES;
				CLANG_WARN_CONSTANT_CONVERSION = YES;
				CLANG_WARN_DIRECT_OBJC_ISA_USAGE = YES_ERROR;
				CLANG_WARN_DOCUMENTATION_COMMENTS = YES;
				CLANG_WARN_EMPTY_BODY = YES;
				CLANG_WARN_ENUM_CONVERSION = YES;
				CLANG_WARN_INFINITE_RECURSION = YES;
				CLANG_WARN_INT_CONVERSION = YES;
				CLANG_WARN_OBJC_ROOT_CLASS = YES_ERROR;
				CLANG_WARN_SUSPICIOUS_MOVE = YES;
				CLANG_WARN_UNREACHABLE_CODE = YES;
				CLANG_WARN__DUPLICATE_METHOD_MATCH = YES;
				"CODE_SIGN_IDENTITY[sdk=iphoneos*]" = "iPhone Developer";
				COPY_PHASE_STRIP = NO;
				DEBUG_INFORMATION_FORMAT = dwarf;
				ENABLE_STRICT_OBJC_MSGSEND = YES;
				ENABLE_TESTABILITY = YES;
				GCC_C_LANGUAGE_STANDARD = gnu99;
				GCC_DYNAMIC_NO_PIC = NO;
				GCC_NO_COMMON_BLOCKS = YES;
				GCC_OPTIMIZATION_LEVEL = 0;
				GCC_PREPROCESSOR_DEFINITIONS = (
					"DEBUG=1",
					"$(inherited)",
				);
				GCC_WARN_64_TO_32_BIT_CONVERSION = YES;
				GCC_WARN_ABOUT_RETURN_TYPE = YES_ERROR;
				GCC_WARN_UNDECLARED_SELECTOR = YES;
				GCC_WARN_UNINITIALIZED_AUTOS = YES_AGGRESSIVE;
				GCC_WARN_UNUSED_FUNCTION = YES;
				GCC_WARN_UNUSED_VARIABLE = YES;
				IPHONEOS_DEPLOYMENT_TARGET = 10.2;
				MTL_ENABLE_DEBUG_INFO = YES;
				ONLY_ACTIVE_ARCH = YES;
				SDKROOT = iphoneos;
				SWIFT_ACTIVE_COMPILATION_CONDITIONS = DEBUG;
				SWIFT_OPTIMIZATION_LEVEL = "-Onone";
				TARGETED_DEVICE_FAMILY = "1,2";
			};
			name = Debug;
		};
		B68FB4941E54BE87002D7E4F /* Release */ = {
			isa = XCBuildConfiguration;
			buildSettings = {
				ALWAYS_SEARCH_USER_PATHS = NO;
				CLANG_ANALYZER_NONNULL = YES;
				CLANG_CXX_LANGUAGE_STANDARD = "gnu++0x";
				CLANG_CXX_LIBRARY = "libc++";
				CLANG_ENABLE_MODULES = YES;
				CLANG_ENABLE_OBJC_ARC = YES;
				CLANG_WARN_BOOL_CONVERSION = YES;
				CLANG_WARN_CONSTANT_CONVERSION = YES;
				CLANG_WARN_DIRECT_OBJC_ISA_USAGE = YES_ERROR;
				CLANG_WARN_DOCUMENTATION_COMMENTS = YES;
				CLANG_WARN_EMPTY_BODY = YES;
				CLANG_WARN_ENUM_CONVERSION = YES;
				CLANG_WARN_INFINITE_RECURSION = YES;
				CLANG_WARN_INT_CONVERSION = YES;
				CLANG_WARN_OBJC_ROOT_CLASS = YES_ERROR;
				CLANG_WARN_SUSPICIOUS_MOVE = YES;
				CLANG_WARN_UNREACHABLE_CODE = YES;
				CLANG_WARN__DUPLICATE_METHOD_MATCH = YES;
				"CODE_SIGN_IDENTITY[sdk=iphoneos*]" = "iPhone Developer";
				COPY_PHASE_STRIP = NO;
				DEBUG_INFORMATION_FORMAT = "dwarf-with-dsym";
				ENABLE_NS_ASSERTIONS = NO;
				ENABLE_STRICT_OBJC_MSGSEND = YES;
				GCC_C_LANGUAGE_STANDARD = gnu99;
				GCC_NO_COMMON_BLOCKS = YES;
				GCC_WARN_64_TO_32_BIT_CONVERSION = YES;
				GCC_WARN_ABOUT_RETURN_TYPE = YES_ERROR;
				GCC_WARN_UNDECLARED_SELECTOR = YES;
				GCC_WARN_UNINITIALIZED_AUTOS = YES_AGGRESSIVE;
				GCC_WARN_UNUSED_FUNCTION = YES;
				GCC_WARN_UNUSED_VARIABLE = YES;
				IPHONEOS_DEPLOYMENT_TARGET = 10.2;
				MTL_ENABLE_DEBUG_INFO = NO;
				SDKROOT = iphoneos;
				SWIFT_OPTIMIZATION_LEVEL = "-Owholemodule";
				TARGETED_DEVICE_FAMILY = "1,2";
				VALIDATE_PRODUCT = YES;
			};
			name = Release;
		};
		B68FB4961E54BE87002D7E4F /* Debug */ = {
			isa = XCBuildConfiguration;
			buildSettings = {
				ASSETCATALOG_COMPILER_APPICON_NAME = AppIcon;
				DEVELOPMENT_TEAM = PCCZJUYRT6;
				INFOPLIST_FILE = "ios-uikit-uicolor-demo/Info.plist";
				IPHONEOS_DEPLOYMENT_TARGET = 10.0;
				LD_RUNPATH_SEARCH_PATHS = "$(inherited) @executable_path/Frameworks";
				PRODUCT_BUNDLE_IDENTIFIER = "jp.st-ventures.ios-uikit-uicolor-demo";
				PRODUCT_NAME = "$(TARGET_NAME)";
				SWIFT_VERSION = 3.0;
			};
			name = Debug;
		};
		B68FB4971E54BE87002D7E4F /* Release */ = {
			isa = XCBuildConfiguration;
			buildSettings = {
				ASSETCATALOG_COMPILER_APPICON_NAME = AppIcon;
				DEVELOPMENT_TEAM = PCCZJUYRT6;
				INFOPLIST_FILE = "ios-uikit-uicolor-demo/Info.plist";
				IPHONEOS_DEPLOYMENT_TARGET = 10.0;
				LD_RUNPATH_SEARCH_PATHS = "$(inherited) @executable_path/Frameworks";
				PRODUCT_BUNDLE_IDENTIFIER = "jp.st-ventures.ios-uikit-uicolor-demo";
				PRODUCT_NAME = "$(TARGET_NAME)";
				SWIFT_VERSION = 3.0;
			};
			name = Release;
		};
		B68FB4991E54BE87002D7E4F /* Debug */ = {
			isa = XCBuildConfiguration;
			buildSettings = {
				ALWAYS_EMBED_SWIFT_STANDARD_LIBRARIES = YES;
				BUNDLE_LOADER = "$(TEST_HOST)";
				DEVELOPMENT_TEAM = PCCZJUYRT6;
				INFOPLIST_FILE = "ios-uikit-uicolor-demoTests/Info.plist";
				LD_RUNPATH_SEARCH_PATHS = "$(inherited) @executable_path/Frameworks @loader_path/Frameworks";
				PRODUCT_BUNDLE_IDENTIFIER = "jp.st-ventures.ios-uikit-uicolor-demoTests";
				PRODUCT_NAME = "$(TARGET_NAME)";
				SWIFT_VERSION = 3.0;
				TEST_HOST = "$(BUILT_PRODUCTS_DIR)/ios-uikit-uicolor-demo.app/ios-uikit-uicolor-demo";
			};
			name = Debug;
		};
		B68FB49A1E54BE87002D7E4F /* Release */ = {
			isa = XCBuildConfiguration;
			buildSettings = {
				ALWAYS_EMBED_SWIFT_STANDARD_LIBRARIES = YES;
				BUNDLE_LOADER = "$(TEST_HOST)";
				DEVELOPMENT_TEAM = PCCZJUYRT6;
				INFOPLIST_FILE = "ios-uikit-uicolor-demoTests/Info.plist";
				LD_RUNPATH_SEARCH_PATHS = "$(inherited) @executable_path/Frameworks @loader_path/Frameworks";
				PRODUCT_BUNDLE_IDENTIFIER = "jp.st-ventures.ios-uikit-uicolor-demoTests";
				PRODUCT_NAME = "$(TARGET_NAME)";
				SWIFT_VERSION = 3.0;
				TEST_HOST = "$(BUILT_PRODUCTS_DIR)/ios-uikit-uicolor-demo.app/ios-uikit-uicolor-demo";
			};
			name = Release;
		};
/* End XCBuildConfiguration section */

/* Begin XCConfigurationList section */
		B68FB4731E54BE86002D7E4F /* Build configuration list for PBXProject "ios-uikit-uicolor-demo" */ = {
			isa = XCConfigurationList;
			buildConfigurations = (
				B68FB4931E54BE87002D7E4F /* Debug */,
				B68FB4941E54BE87002D7E4F /* Release */,
			);
			defaultConfigurationIsVisible = 0;
			defaultConfigurationName = Release;
		};
		B68FB4951E54BE87002D7E4F /* Build configuration list for PBXNativeTarget "ios-uikit-uicolor-demo" */ = {
			isa = XCConfigurationList;
			buildConfigurations = (
				B68FB4961E54BE87002D7E4F /* Debug */,
				B68FB4971E54BE87002D7E4F /* Release */,
			);
			defaultConfigurationIsVisible = 0;
			defaultConfigurationName = Release;
		};
		B68FB4981E54BE87002D7E4F /* Build configuration list for PBXNativeTarget "ios-uikit-uicolor-demoTests" */ = {
			isa = XCConfigurationList;
			buildConfigurations = (
				B68FB4991E54BE87002D7E4F /* Debug */,
				B68FB49A1E54BE87002D7E4F /* Release */,
			);
			defaultConfigurationIsVisible = 0;
			defaultConfigurationName = Release;
		};
/* End XCConfigurationList section */
	};
	rootObject = B68FB4701E54BE86002D7E4F /* Project object */;
}
